
Microsoft Visual Studio Solution File, Format Version 12.00
# Visual Studio Version 17
VisualStudioVersion = 17.1.32210.238
MinimumVisualStudioVersion = 10.0.40219.1
Project("{FAE04EC0-301F-11D3-BF4B-00C04F79EFBC}") = "LabyrinthSolver", "LabyrinthSolver\LabyrinthSolver.csproj", "{9F226E0E-1255-4971-ABF7-DBC83C0686FB}"
EndProject
Global
	GlobalSection(SolutionConfigurationPlatforms) = preSolution
		Debug|Any CPU = Debug|Any CPU
		Release|Any CPU = Release|Any CPU
	EndGlobalSection
	GlobalSection(ProjectConfigurationPlatforms) = postSolution
		{9F226E0E-1255-4971-ABF7-DBC83C0686FB}.Debug|Any CPU.ActiveCfg = Debug|Any CPU
		{9F226E0E-1255-4971-ABF7-DBC83C0686FB}.Debug|Any CPU.Build.0 = Debug|Any CPU
		{9F226E0E-1255-4971-ABF7-DBC83C0686FB}.Release|Any CPU.ActiveCfg = Release|Any CPU
		{9F226E0E-1255-4971-ABF7-DBC83C0686FB}.Release|Any CPU.Build.0 = Release|Any CPU
	EndGlobalSection
	GlobalSection(SolutionProperties) = preSolution
		HideSolutionNode = FALSE
	EndGlobalSection
	GlobalSection(ExtensibilityGlobals) = postSolution
		SolutionGuid = {3D0283E6-E982-4AA7-958E-4E5ABC3DA32D}
	EndGlobalSection
EndGlobal
